
Microsoft Visual Studio Solution File, Format Version 12.00
# Visual Studio Version 17
VisualStudioVersion = 17.11.35312.102
MinimumVisualStudioVersion = 10.0.40219.1
Project("{FAE04EC0-301F-11D3-BF4B-00C04F79EFBC}") = "Microondas.Web", "Microondas.Web\Microondas.Web.csproj", "{2D900B7E-F93C-4103-9FB2-4C0A8C8E254E}"
EndProject
Global
	GlobalSection(SolutionConfigurationPlatforms) = preSolution
		Debug|Any CPU = Debug|Any CPU
		Release|Any CPU = Release|Any CPU
	EndGlobalSection
	GlobalSection(ProjectConfigurationPlatforms) = postSolution
		{2D900B7E-F93C-4103-9FB2-4C0A8C8E254E}.Debug|Any CPU.ActiveCfg = Debug|Any CPU
		{2D900B7E-F93C-4103-9FB2-4C0A8C8E254E}.Debug|Any CPU.Build.0 = Debug|Any CPU
		{2D900B7E-F93C-4103-9FB2-4C0A8C8E254E}.Release|Any CPU.ActiveCfg = Release|Any CPU
		{2D900B7E-F93C-4103-9FB2-4C0A8C8E254E}.Release|Any CPU.Build.0 = Release|Any CPU
	EndGlobalSection
	GlobalSection(SolutionProperties) = preSolution
		HideSolutionNode = FALSE
	EndGlobalSection
	GlobalSection(ExtensibilityGlobals) = postSolution
		SolutionGuid = {4CD66AD7-C8A3-469E-9387-5A4EEB629C67}
	EndGlobalSection
EndGlobal
